
Microsoft Visual Studio Solution File, Format Version 12.00
# Visual Studio 2012
Project("{FAE04EC0-301F-11D3-BF4B-00C04F79EFBC}") = "SpacedRepetitionAlgorithm", "SpacedRepetitionAlgorithm.csproj", "{9CCF9D9A-8A13-4D98-8D4F-53E452D108A3}"
EndProject
Global
	GlobalSection(SolutionConfigurationPlatforms) = preSolution
		Debug|Any CPU = Debug|Any CPU
		Release|Any CPU = Release|Any CPU
	EndGlobalSection
	GlobalSection(ProjectConfigurationPlatforms) = postSolution
		{9CCF9D9A-8A13-4D98-8D4F-53E452D108A3}.Debug|Any CPU.ActiveCfg = Debug|Any CPU
		{9CCF9D9A-8A13-4D98-8D4F-53E452D108A3}.Debug|Any CPU.Build.0 = Debug|Any CPU
		{9CCF9D9A-8A13-4D98-8D4F-53E452D108A3}.Release|Any CPU.ActiveCfg = Release|Any CPU
		{9CCF9D9A-8A13-4D98-8D4F-53E452D108A3}.Release|Any CPU.Build.0 = Release|Any CPU
	EndGlobalSection
	GlobalSection(SolutionProperties) = preSolution
		HideSolutionNode = FALSE
	EndGlobalSection
EndGlobal
